# schema=retrom-rpg-runtime-build-inputs-v1
# filename|size_bytes|sha256|immutable_url|license_spec|association
easy-expat.tar.bz2|627296|10f3e94896cd7f44de566cafa2e0e1f35e8df06d119b38d117c0e72d74a4b4b7|https://github.com/libexpat/libexpat/releases/download/R_2_7_0/expat-2.7.0.tar.bz2|COPYING|RUNTIME_SOURCE
easy-fluidsynth.tar.gz|1788637|a92aa83d2ff09a1a6d6186e81d8182bd2958947dffca77a6490ffd41b3ec9dc7|https://github.com/FluidSynth/fluidsynth/archive/refs/tags/v2.4.3.tar.gz|LICENSE|RUNTIME_SOURCE
easy-fmt.zip|1426493|49b039601196e1a765e81c5c9a05a61ed3d33f23b3961323d7322e4fe213d3e6|https://github.com/fmtlib/fmt/releases/download/11.1.4/fmt-11.1.4.zip|LICENSE|RUNTIME_SOURCE
easy-freetype.tar.xz|2617564|0550350666d427c74daeb85d5ac7bb353acba5f76956395995311a9c6f063289|https://download-mirror.savannah.gnu.org/releases/freetype/freetype-2.13.3.tar.xz|LICENSE.TXT|RUNTIME_SOURCE
easy-harfbuzz.tar.xz|18120656|480b6d25014169300669aa1fc39fb356c142d5028324ea52b3a27648b9beaad8|https://github.com/harfbuzz/harfbuzz/releases/download/10.4.0/harfbuzz-10.4.0.tar.xz|COPYING|RUNTIME_SOURCE
easy-icu.tar.gz|27437767|dfacb46bfe4747410472ce3e1144bf28a102feeaa4e3875bac9b4c6cf30f4f3e|https://github.com/unicode-org/icu/releases/download/release-76-1/icu4c-76_1-src.tgz|LICENSE|RUNTIME_SOURCE
easy-icudata.tar.gz|3213970|1510dce242d6d389b274739c82b577e70987346a2f15aa55b1f77c6f23bd7e97|https://ci.easyrpg.org/job/icudata/57/artifact/icudata76_all.tar.gz|@easy-icu.tar.gz:LICENSE|DERIVED_RUNTIME_DATA
easy-inih.tar.gz|19964|e79216260d5dffe809bda840be48ab0eec7737b2bb9f02d2275c1b46344ea7b7|https://github.com/benhoyt/inih/archive/refs/tags/r58.tar.gz|LICENSE.txt|RUNTIME_SOURCE
easy-libpng.tar.xz|1020552|1f4696ce70b4ee5f85f1e1623dc1229b210029fa4b7aee573df3e2ba7b036937|https://download.sourceforge.net/libpng/libpng-1.6.39.tar.xz|LICENSE|RUNTIME_SOURCE
easy-libsndfile.tar.xz|730760|3799ca9924d3125038880367bf1468e53a1b7e3686a934f098b7e1d286cdb80e|https://github.com/libsndfile/libsndfile/releases/download/1.2.2/libsndfile-1.2.2.tar.xz|COPYING;src/GSM610/COPYRIGHT|RUNTIME_SOURCE
easy-libxmp-lite.tar.gz|250166|f4d03ea076c4beecd1c834d07cf7adadb6e680ae45dcc9cf8aff279c4748d003|https://github.com/libxmp/libxmp/releases/download/libxmp-4.6.2/libxmp-lite-4.6.2.tar.gz|README|RUNTIME_SOURCE
easy-mpg123.tar.bz2|1118315|87b2c17fe0c979d3ef38eeceff6362b35b28ac8589fbf1854b5be75c9ab6557c|https://www.mpg123.de/download/mpg123-1.32.10.tar.bz2|COPYING;doc/LICENSE|RUNTIME_SOURCE
easy-nlohmann-json.tar.gz|8053705|0d8ef5af7f9794e3263480193c491549b2ba6cc74bb018906202ada498a79406|https://github.com/nlohmann/json/archive/v3.11.3.tar.gz|LICENSE.MIT|RUNTIME_SOURCE
easy-ogg.tar.xz|429076|c4d91be36fc8e54deae7575241e03f4211eb102afb3fc0775fbbc1b740016705|https://downloads.xiph.org/releases/ogg/libogg-1.3.5.tar.xz|COPYING|RUNTIME_SOURCE
easy-opus.tar.gz|7839412|65c1d2f78b9f2fb20082c38cbe47c951ad5839345876e46941612ee87f9a7ce1|https://downloads.xiph.org/releases/opus/opus-1.5.2.tar.gz|COPYING|RUNTIME_SOURCE
easy-opusfile.tar.gz|471354|118d8601c12dd6a44f52423e68ca9083cc9f2bfe72da7a8c1acb22a80ae3550b|https://github.com/xiph/opusfile/releases/download/v0.12/opusfile-0.12.tar.gz|COPYING|RUNTIME_SOURCE
easy-pixman.tar.gz|813915|6349061ce1a338ab6952b92194d1b0377472244208d47ff25bef86fc71973466|https://cairographics.org/releases/pixman-0.44.2.tar.gz|COPYING|RUNTIME_SOURCE
easy-sdl2.tar.gz|7627192|c5f30c427fd8107ee4a400c84d4447dd211352512eaf0b6e89cc6a50a2821922|https://libsdl.org/release/SDL2-2.32.2.tar.gz|LICENSE.txt|RUNTIME_SOURCE
easy-speexdsp.tar.gz|922584|8c777343e4a6399569c72abc38a95b24db56882c83dbdb6c6424a5f4aeb54d3d|https://downloads.xiph.org/releases/speex/speexdsp-1.2.1.tar.gz|COPYING|RUNTIME_SOURCE
easy-vorbis.tar.xz|1203792|b33cc4934322bcbf6efcbacf49e3ca01aadbea4114ec9589d1b1e9d20f72954b|https://downloads.xiph.org/releases/vorbis/libvorbis-1.3.7.tar.xz|COPYING|RUNTIME_SOURCE
easy-zlib.tar.gz|1512791|9a93b2b7dfdac77ceba5a558a580e74667dd6fede4585b91eefb60f03b72df23|https://zlib.net/fossils/zlib-1.3.1.tar.gz|LICENSE|RUNTIME_SOURCE
tool-m4.tar.xz|1654908|63aede5c6d33b6d9b13511cd0be2cac046f2e70fd0a07aa9573a04a82783af96|https://ftp.gnu.org/gnu/m4/m4-1.4.19.tar.xz|COPYING|BUILD_TOOL_SOURCE
tool-autoconf.tar.xz|1292296|f14c83cfebcc9427f2c3cea7258bd90df972d92eb26752da4ddad81c87a0faa4|https://ftp.gnu.org/gnu/autoconf/autoconf-2.71.tar.xz|COPYING;COPYING.EXCEPTION|BUILD_TOOL_SOURCE
tool-automake.tar.xz|1601740|f01d58cd6d9d77fbdca9eb4bbd5ead1988228fdb73d6f7a201f5f8d6b118b469|https://ftp.gnu.org/gnu/automake/automake-1.16.5.tar.xz|COPYING|BUILD_TOOL_SOURCE
tool-libtool.tar.xz|1016040|4f7f217f057ce655ff22559ad221a0fd8ef84ad1fc5fcb6990cecc333aa1635d|https://ftp.gnu.org/gnu/libtool/libtool-2.4.7.tar.xz|COPYING;libltdl/COPYING.LIB|BUILD_TOOL_SOURCE
tool-pkgconf.tar.xz|310068|1ac1656debb27497563036f7bffc281490f83f9b8457c0d60bcfb638fb6b6171|https://distfiles.ariadne.space/pkgconf/pkgconf-1.9.5.tar.xz|COPYING|BUILD_TOOL_SOURCE
tool-meson.tar.gz|2293975|08efbe84803eed07f863b05092d653a9d348f7038761d900412fddf56deb0284|https://github.com/mesonbuild/meson/releases/download/1.7.0/meson-1.7.0.tar.gz|COPYING|BUILD_TOOL_SOURCE
tool-ninja.tar.gz|240483|821bdff48a3f683bc4bb3b6f0b5fe7b2d647cf65d52aeb63328c91a6c6df285a|https://github.com/ninja-build/ninja/archive/refs/tags/v1.12.1.tar.gz|COPYING|BUILD_TOOL_SOURCE
tool-ctags.tar.gz|3125548|1eb6d46d4c4cace62d230e7700033b8db9ad3d654f2d4564e87f517d4b652a53|https://github.com/universal-ctags/ctags/archive/refs/tags/v6.1.0.tar.gz|COPYING|BUILD_TOOL_SOURCE
boost-license-1.90.0.txt|1338|c9bff75738922193e67fa726fa225535870d2aa1059f91452c411736284ad566|https://raw.githubusercontent.com/boostorg/boost/boost-1.90.0/LICENSE_1_0.txt|SELF|LICENSE_TEXT
mkxp-binaryen.tar.gz|113625315|e487e0eac1f02a6739816c617270b033e5d3f8ca90439301fd0286460322fd76|https://github.com/WebAssembly/binaryen/releases/download/version_126/binaryen-version_126-x86_64-linux.tar.gz|@toolchain-binaryen-126-source.tar.gz:LICENSE|BUILD_TOOL_BINARY
mkxp-wasi-sdk.tar.gz|119449290|0507679dff16814b74516cd969a9b16d2ced1347388024bc7966264648c78bfb|https://github.com/WebAssembly/wasi-sdk/releases/download/wasi-sdk-30/wasi-sdk-30.0-x86_64-linux.tar.gz|@toolchain-wasi-sdk-30-source.tar.gz:LICENSE|BUILD_TOOL_BINARY
mkxp-ruby.tar.xz|16450140|3a06c3a709672a4ddae4e511d7e82f74799b8b3f550c8cf2d6f32089003cb84c|https://cache.ruby-lang.org/pub/ruby/3.3/ruby-3.3.10.tar.xz|BSDL;COPYING|RUNTIME_SOURCE
mkxp-wabt.tar.gz|1405595|36aa73bacb91a33bdcebab0473ca1779ce608205a8ba20774ac67b5e753a575e|https://codeload.github.com/WebAssembly/wabt/tar.gz/refs/tags/1.0.37|LICENSE|BUILD_TOOL_SOURCE
mkxp-libyaml.tar.gz|85055|fa240dbf262be053f3898006d502d514936c818e422afdcf33921c63bed9bf2e|https://codeload.github.com/yaml/libyaml/tar.gz/refs/tags/0.2.5|License|RUNTIME_SOURCE
mkxp-zlib.tar.gz|1572744|17e88863f3600672ab49182f217281b6fc4d3c762bde361935e436a95214d05c|https://codeload.github.com/madler/zlib/tar.gz/refs/tags/v1.3.1|LICENSE|RUNTIME_SOURCE
mkxp-picosha2.h|13422|b13c180161ffac8d0adc81e033e493c409457c4d1258ab9781ac80579ba3bdd8|https://raw.githubusercontent.com/okdshin/PicoSHA2/161cb3fc4170fa7a3eca9e582cebd27cc4d1fe29/picosha2.h|@mkxp-picosha2-source.tar.gz:LICENSE|BUILD_TOOL_SOURCE
mkxp-boost-predef.tar.gz|109562|d9144eb3c7d965991e8798fc7e96d5ea862951bffcbdba0b8a23892fd5c99f7c|https://codeload.github.com/boostorg/predef/tar.gz/refs/tags/boost-1.90.0|@boost-license-1.90.0.txt:SELF|RUNTIME_SOURCE
mkxp-boost-asio.tar.gz|2799881|d23b5f86ebf49119f2470829ba2aebdc68ddf810b29947dd0552123d00aba981|https://codeload.github.com/boostorg/asio/tar.gz/refs/tags/boost-1.90.0|@boost-license-1.90.0.txt:SELF|RUNTIME_SOURCE
mkxp-boost-assert.tar.gz|20999|1f48f929e69146db222fdf9538ec81c7cbd3ca88b94343644942b477031a3bba|https://codeload.github.com/boostorg/assert/tar.gz/refs/tags/boost-1.90.0|@boost-license-1.90.0.txt:SELF|RUNTIME_SOURCE
mkxp-boost-config.tar.gz|386373|1390bd79fbf270e40cfe5ac6b899f4a9c4e47139b6e17b4c1f7f78822adaa9fc|https://codeload.github.com/boostorg/config/tar.gz/refs/tags/boost-1.90.0|@boost-license-1.90.0.txt:SELF|RUNTIME_SOURCE
mkxp-boost-container-hash.tar.gz|67300|415d6a01b2d8a07ab36dbf9e31a8fec6fa0e51185d1015a087c153de28cfaba5|https://codeload.github.com/boostorg/container_hash/tar.gz/refs/tags/boost-1.90.0|@boost-license-1.90.0.txt:SELF|RUNTIME_SOURCE
mkxp-boost-core.tar.gz|175277|0444b7741bcf20f80ff6a4d191a920f6aba92d26734c81fa481f8fd0a274b487|https://codeload.github.com/boostorg/core/tar.gz/refs/tags/boost-1.90.0|@boost-license-1.90.0.txt:SELF|RUNTIME_SOURCE
mkxp-boost-describe.tar.gz|43033|4ca9c54d50c5bd8ec68811475ef96ec1ac0abbfbf19f55789823aabcbb704812|https://codeload.github.com/boostorg/describe/tar.gz/refs/tags/boost-1.90.0|@boost-license-1.90.0.txt:SELF|RUNTIME_SOURCE
mkxp-boost-mp11.tar.gz|130897|ca52bde753586dcba29739cfd55abb473bf80c934c6d49a2b58023ed4e48adf6|https://codeload.github.com/boostorg/mp11/tar.gz/refs/tags/boost-1.90.0|@boost-license-1.90.0.txt:SELF|RUNTIME_SOURCE
mkxp-boost-optional.tar.gz|86719|7d231c3382e1733cd1eeb2e7bbc4f77a92200dd8100d4a0cf91081c2fdb5464c|https://codeload.github.com/boostorg/optional/tar.gz/refs/tags/boost-1.90.0|@boost-license-1.90.0.txt:SELF|RUNTIME_SOURCE
mkxp-boost-preprocessor.tar.gz|866496|4a951411d94423e74a4f1df5b1aa5d51996dbfbf01bec35bc51c53af4707bda3|https://codeload.github.com/boostorg/preprocessor/tar.gz/refs/tags/boost-1.90.0|@boost-license-1.90.0.txt:SELF|RUNTIME_SOURCE
mkxp-boost-static-assert.tar.gz|14612|3b7980c5968d585b04f980bbb4e81bbbf0b6d1a0b7c965c2a3426b0acb4a5f49|https://codeload.github.com/boostorg/static_assert/tar.gz/refs/tags/boost-1.90.0|@boost-license-1.90.0.txt:SELF|RUNTIME_SOURCE
mkxp-boost-throw-exception.tar.gz|20202|30e2834ba64587a363750e35c627ee045f89be05d0cc9eab7251414eba88e110|https://codeload.github.com/boostorg/throw_exception/tar.gz/refs/tags/boost-1.90.0|@boost-license-1.90.0.txt:SELF|RUNTIME_SOURCE
mkxp-boost-type-traits.tar.gz|399913|d8f1f937a56dacbd5bd3067312896f3b2b84ddf7cbeb93f21e1ffd844e512587|https://codeload.github.com/boostorg/type_traits/tar.gz/refs/tags/boost-1.90.0|@boost-license-1.90.0.txt:SELF|RUNTIME_SOURCE
mkxp-egl-registry.tar.gz|3371678|00f6d5656d8a075ee72ec2ccbe9b803d29bb56695b05622ac4cde95d760a1528|https://codeload.github.com/KhronosGroup/EGL-Registry/tar.gz/3ae2b7c48690d2ce13cc6db3db02dfc0572be65e|PER_FILE_LICENSE_HEADERS|RUNTIME_SOURCE
mkxp-flac.tar.gz|974901|aea54ed186ad07a34750399cb27fc216a2b62d0ffcd6dc2e3064a3518c3146f8|https://codeload.github.com/xiph/flac/tar.gz/refs/tags/1.5.0|COPYING.Xiph;COPYING.GPL;COPYING.LGPL|RUNTIME_SOURCE
mkxp-fluidsynth.tar.gz|1840735|e4ae831ce02f38b5594ab4dacb11c1a4067ca65ea183523655ebdc9c1b2b92a1|https://codeload.github.com/FluidSynth/fluidsynth/tar.gz/refs/tags/v2.5.0|LICENSE|RUNTIME_SOURCE
mkxp-gcem.zip|163254|28159274c54e9640354852e172d10d88eb159f4e7f2fea42edbcd20105ed3526|https://github.com/kthohr/gcem/archive/012ae73c6d0a2cb09ffe86475f5c6fba3926e200.zip|LICENSE;NOTICE.txt|RUNTIME_SOURCE
mkxp-freetype.tar.gz|2516079|44bd69d1f0750603410cfd4f26f1c5523c5a3a087a2dfa8639b757dc7c6677be|https://codeload.github.com/freetype/freetype/tar.gz/refs/tags/VER-2-14-1|LICENSE.TXT|RUNTIME_SOURCE
mkxp-libiconv.tar.gz|5822590|3b08f5f4f9b4eb82f151a7040bfd6fe6c6fb922efe4b1659c66ea933276965e8|https://ftp.gnu.org/gnu/libiconv/libiconv-1.18.tar.gz|COPYING;COPYING.LIB|RUNTIME_SOURCE
mkxp-libidn.tar.gz|2535228|bdc662c12d041b2539d0e638f3a6e741130cdb33a644ef3496963a443482d164|https://ftp.gnu.org/gnu/libidn/libidn-1.43.tar.gz|COPYING;COPYING.LESSERv2;COPYING.LESSERv3|RUNTIME_SOURCE
mkxp-libretro-common.tar.gz|939450|80cf4e35f0f583abb04f4a58d4a532f8b0f870603fc58d8d33101d63bbe20c6b|https://codeload.github.com/libretro/libretro-common/tar.gz/7caf0cd9448d5d745924c7e64e7365fb61ecda55|PER_FILE_LICENSE_HEADERS|RUNTIME_SOURCE
mkxp-libsndfile.tar.gz|684875|ffe12ef8add3eaca876f04087734e6e8e029350082f3251f565fa9da55b52121|https://codeload.github.com/libsndfile/libsndfile/tar.gz/refs/tags/1.2.2|COPYING;src/GSM610/COPYRIGHT|RUNTIME_SOURCE
mkxp-mpg123.tar.gz|915525|396194490255c2f1bd33b6d5b6f8d1f7976551be5eaa13a70c0fe34962cd2411|https://codeload.github.com/madebr/mpg123/tar.gz/fe143d4e9c885ec34596c561481dff96357fd797|COPYING;doc/LICENSE|RUNTIME_SOURCE
mkxp-ogg.tar.gz|254178|95b643da661155d79db9de2fca55daed3a8d491039829def246aacb3d9201c81|https://codeload.github.com/xiph/ogg/tar.gz/refs/tags/v1.3.6|COPYING|RUNTIME_SOURCE
mkxp-openal-soft.tar.gz|1251714|7e1fecdeb45e7f78722b776c5cf30bd33934b961d7fd2a11e0494e064cc631ce|https://codeload.github.com/kcat/openal-soft/tar.gz/refs/tags/1.24.3|COPYING;fmt-11.1.1/LICENSE|RUNTIME_SOURCE
mkxp-opengl-registry.tar.gz|113889313|f5f0420a4945fb5630dfade4b6524bda77c962f3d21478fb2acab3ce7774b01e|https://codeload.github.com/KhronosGroup/OpenGL-Registry/tar.gz/d38ff693f3e99ac5a61e3858de76c6c02976fa67|PER_FILE_LICENSE_HEADERS|RUNTIME_SOURCE
mkxp-opus.tar.gz|4183352|9480e329e989f70d69886ded470c7f8cfe6c0667cc4196d4837ac9e668fb7404|https://codeload.github.com/xiph/opus/tar.gz/refs/tags/v1.5.2|COPYING|RUNTIME_SOURCE
mkxp-physfs.tar.gz|242857|1991500eaeb8d5325e3a8361847ff3bf8e03ec89252b7915e1f25b3f8ab5d560|https://codeload.github.com/icculus/physfs/tar.gz/refs/tags/release-3.2.0|LICENSE.txt|RUNTIME_SOURCE
mkxp-picosha2-source.tar.gz|7767|9983136544234e573fe07cc1a22fdf978ad7979043e7be2e9082f6d4991ff8a8|https://codeload.github.com/okdshin/PicoSHA2/tar.gz/refs/tags/v1.0.1|LICENSE|BUILD_TOOL_SOURCE
mkxp-pixman-region.tar.gz|60685|726ad338291712c002f45be687efdbc97f7cfdf9c1c12c7bb6537af3cbd1215d|https://codeload.github.com/adamdmoss/pixman-region/tar.gz/6380f6e0fa6fdeed921cef39eb1d22d76f3f7014|COPYING|RUNTIME_SOURCE
mkxp-priority-deque.tar.gz|18426|3bef3ef62609970b8d1f65b44cb08326309bea080f373d7b2d0ac0b7cec5bae5|https://codeload.github.com/nmcclatchey/Priority-Deque/tar.gz/7475dacb65d112a4de7e5c24fe32cfffc2264fa9|LICENSE|RUNTIME_SOURCE
mkxp-stb.tar.gz|1514727|a39b0f2d96d9b64171ac1fd73295b7c5866f904e653b379da886d050a6900db9|https://codeload.github.com/nothings/stb/tar.gz/f1c79c02822848a9bed4315b12c8c8f3761e1296|LICENSE|RUNTIME_SOURCE
mkxp-theora.tar.gz|1220808|e0c35771b425c32a052ffb358a2aed14219340ab850b48dc85b01939c0513a31|https://codeload.github.com/xiph/theora/tar.gz/refs/tags/v1.2.0|COPYING;LICENSE|RUNTIME_SOURCE
mkxp-theoraplay.tar.gz|23386|ade1bb7c6c16a54cbb702e417bbb1ab34c40b1c9650ae0f9999f86eccef28d1a|https://codeload.github.com/icculus/theoraplay/tar.gz/672cf6d7591009612123e90a192e6f3cd9f532c2|LICENSE.txt|RUNTIME_SOURCE
mkxp-uchardet.tar.xz|222648|e97a60cfc00a1c147a674b097bb1422abd9fa78a2d9ce3f3fdcc2e78a34ac5f0|https://deb.debian.org/debian/pool/main/u/uchardet/uchardet_0.0.8.orig.tar.xz|COPYING|RUNTIME_SOURCE
mkxp-vorbis.tar.gz|1234573|270c76933d0934e42c5ee0a54a36280e2d87af1de3cc3e584806357e237afd13|https://codeload.github.com/xiph/vorbis/tar.gz/refs/tags/v1.3.7|COPYING|RUNTIME_SOURCE
toolchain-binaryen-126-source.tar.gz|5809217|f1c53762abae21cb6bc3e55d4e96d4ca4ea261f83a51d2aa47abc75d60e683e7|https://codeload.github.com/WebAssembly/binaryen/tar.gz/refs/tags/version_126|LICENSE|BUILD_TOOL_SOURCE
toolchain-emscripten-3.1.74.tar.gz|32215717|cb1314abc98468aa64af648f54bdf94e9ade98dd62618c5843c7e60908ffbeb0|https://codeload.github.com/emscripten-core/emscripten/tar.gz/1092ec30a3fb1d46b1782ff1b4db5094d3d06ae5|LICENSE;system/lib/compiler-rt/LICENSE.TXT;system/lib/libc/musl/COPYRIGHT;system/lib/libcxx/LICENSE.TXT;system/lib/libcxxabi/LICENSE.TXT;system/lib/libunwind/LICENSE.TXT|TOOLCHAIN_RUNTIME_SOURCE
toolchain-emscripten-4.0.8.tar.gz|33050807|9cbd208db0b7d06de31627b1190559ad283067f9466f36d3fe7e04a92ad1b914|https://codeload.github.com/emscripten-core/emscripten/tar.gz/70404efec4458b60b953bc8f1529f2fa112cdfd1|LICENSE;system/lib/compiler-rt/LICENSE.TXT;system/lib/libc/musl/COPYRIGHT;system/lib/libcxx/LICENSE.TXT;system/lib/libcxxabi/LICENSE.TXT;system/lib/libunwind/LICENSE.TXT|TOOLCHAIN_RUNTIME_SOURCE
toolchain-emsdk-3.1.74.tar.gz|113042|4f4ba50bd09e2fa5eebbfa12d0626cb7f875174ffda88b6484a1277769a07189|https://codeload.github.com/emscripten-core/emsdk/tar.gz/refs/tags/3.1.74|LICENSE|BUILD_RECIPE_SOURCE
toolchain-emsdk-4.0.8.tar.gz|199003|0762712fd336ca0a8bf0c65a5093e41fea96a7cd2953fa986557be41713199a5|https://codeload.github.com/emscripten-core/emsdk/tar.gz/refs/tags/4.0.8|LICENSE|BUILD_RECIPE_SOURCE
toolchain-wasi-sdk-30-source.tar.gz|42760|8d1a308817febb7f098ac55902d4c654cddf94bd1d3264e2cdacace0947eaac3|https://codeload.github.com/WebAssembly/wasi-sdk/tar.gz/refs/tags/wasi-sdk-30|LICENSE|BUILD_RECIPE_SOURCE
toolchain-wasi-sdk-30-llvm-project.tar.gz|242906830|f87cacb5b024915b9cc8046b807774cd52b9cfbca6e027d478891c0c49349767|https://codeload.github.com/llvm/llvm-project/tar.gz/222fc11f2b8f25f6a0f4976272ef1bb7bf49521d|LICENSE.TXT;compiler-rt/LICENSE.TXT|TOOLCHAIN_RUNTIME_SOURCE
toolchain-wasi-sdk-30-wasi-libc.tar.gz|1631604|8620290bc982bdfbd4686f383ef1f35395b37d7ad611062838aa9ad2f3b12c63|https://codeload.github.com/WebAssembly/wasi-libc/tar.gz/ec0effd769df5f05b647216578bcf5d3b5449725|LICENSE;LICENSE-APACHE;LICENSE-APACHE-LLVM;LICENSE-MIT;libc-top-half/musl/COPYRIGHT|TOOLCHAIN_RUNTIME_SOURCE
